
Microsoft Visual Studio Solution File, Format Version 12.00
# Visual Studio Version 17
VisualStudioVersion = 17.3.32929.385
MinimumVisualStudioVersion = 10.0.40219.1
Project("{FAE04EC0-301F-11D3-BF4B-00C04F79EFBC}") = "WebApplication2_TEST", "WebApplication2_TEST\WebApplication2_TEST.csproj", "{15FD9728-490A-4D19-9506-2177B671069B}"
EndProject
Global
	GlobalSection(SolutionConfigurationPlatforms) = preSolution
		Debug|Any CPU = Debug|Any CPU
		Release|Any CPU = Release|Any CPU
	EndGlobalSection
	GlobalSection(ProjectConfigurationPlatforms) = postSolution
		{15FD9728-490A-4D19-9506-2177B671069B}.Debug|Any CPU.ActiveCfg = Debug|Any CPU
		{15FD9728-490A-4D19-9506-2177B671069B}.Debug|Any CPU.Build.0 = Debug|Any CPU
		{15FD9728-490A-4D19-9506-2177B671069B}.Release|Any CPU.ActiveCfg = Release|Any CPU
		{15FD9728-490A-4D19-9506-2177B671069B}.Release|Any CPU.Build.0 = Release|Any CPU
	EndGlobalSection
	GlobalSection(SolutionProperties) = preSolution
		HideSolutionNode = FALSE
	EndGlobalSection
	GlobalSection(ExtensibilityGlobals) = postSolution
		SolutionGuid = {435A8D36-877D-45A0-97BD-C60C2F732CD5}
	EndGlobalSection
EndGlobal
